// !$*UTF8*$!
{
	archiveVersion = 1;
	classes = {
	};
	objectVersion = 46;
	objects = {

/* Begin PBXBuildFile section */
		4FBA6271881F2F1BFE4C5636 /* Pods_BitWake.framework in Frameworks */ = {isa = PBXBuildFile; fileRef = A0D41AFF234738DB21CE8242 /* Pods_BitWake.framework */; };
		8514F8711EEAEF16005E5CBA /* WalletsCollection.swift in Sources */ = {isa = PBXBuildFile; fileRef = 8514F8701EEAEF16005E5CBA /* WalletsCollection.swift */; };
		8514F8741EEAF082005E5CBA /* Wallet.swift in Sources */ = {isa = PBXBuildFile; fileRef = 8514F8731EEAF082005E5CBA /* Wallet.swift */; };
		8555F8C91F03D7D200F55C22 /* WalletsViewController.swift in Sources */ = {isa = PBXBuildFile; fileRef = 8555F8C71F03D7D200F55C22 /* WalletsViewController.swift */; };
		8555F8CA1F03D7D200F55C22 /* WalletsViewController.xib in Resources */ = {isa = PBXBuildFile; fileRef = 8555F8C81F03D7D200F55C22 /* WalletsViewController.xib */; };
		8555F8CE1F08E25F00F55C22 /* Blockchain.swift in Sources */ = {isa = PBXBuildFile; fileRef = 8555F8CD1F08E25F00F55C22 /* Blockchain.swift */; };
		8555F8D01F08E33200F55C22 /* BitcoinBlockchain.swift in Sources */ = {isa = PBXBuildFile; fileRef = 8555F8CF1F08E33200F55C22 /* BitcoinBlockchain.swift */; };
		8555F8D21F08F8BE00F55C22 /* Transaction.swift in Sources */ = {isa = PBXBuildFile; fileRef = 8555F8D11F08F8BE00F55C22 /* Transaction.swift */; };
		85690DF81EF433F50094D88A /* BitWake.swift in Sources */ = {isa = PBXBuildFile; fileRef = 85690DF71EF433F50094D88A /* BitWake.swift */; };
		85690E021EF59B4F0094D88A /* WalletCollectionViewItem.swift in Sources */ = {isa = PBXBuildFile; fileRef = 85690E001EF59B4F0094D88A /* WalletCollectionViewItem.swift */; };
		85690E031EF59B4F0094D88A /* WalletCollectionViewItem.xib in Resources */ = {isa = PBXBuildFile; fileRef = 85690E011EF59B4F0094D88A /* WalletCollectionViewItem.xib */; };
		85690E051EF65DA00094D88A /* WalletsListLayout.swift in Sources */ = {isa = PBXBuildFile; fileRef = 85690E041EF65DA00094D88A /* WalletsListLayout.swift */; };
		857488E21F13E15100BFFA2C /* ButtonsBarViewController.swift in Sources */ = {isa = PBXBuildFile; fileRef = 857488E01F13E15100BFFA2C /* ButtonsBarViewController.swift */; };
		857488E31F13E15100BFFA2C /* ButtonsBarViewController.xib in Resources */ = {isa = PBXBuildFile; fileRef = 857488E11F13E15100BFFA2C /* ButtonsBarViewController.xib */; };
		85856DDE1F0A89640084A372 /* TransactionCenter.swift in Sources */ = {isa = PBXBuildFile; fileRef = 85856DDD1F0A89640084A372 /* TransactionCenter.swift */; };
		859A2E791EC742F40088D8A1 /* AppDelegate.swift in Sources */ = {isa = PBXBuildFile; fileRef = 859A2E781EC742F40088D8A1 /* AppDelegate.swift */; };
		859A2E7D1EC742F40088D8A1 /* Assets.xcassets in Resources */ = {isa = PBXBuildFile; fileRef = 859A2E7C1EC742F40088D8A1 /* Assets.xcassets */; };
		859A2E801EC742F40088D8A1 /* Main.storyboard in Resources */ = {isa = PBXBuildFile; fileRef = 859A2E7E1EC742F40088D8A1 /* Main.storyboard */; };
		859A2E8B1EC742F40088D8A1 /* BitWakeTests.swift in Sources */ = {isa = PBXBuildFile; fileRef = 859A2E8A1EC742F40088D8A1 /* BitWakeTests.swift */; };
		859A2E961EC742F40088D8A1 /* BitWakeUITests.swift in Sources */ = {isa = PBXBuildFile; fileRef = 859A2E951EC742F40088D8A1 /* BitWakeUITests.swift */; };
		85AF56721F0D478100D3F564 /* WalletCollectionViewHeaderView.xib in Resources */ = {isa = PBXBuildFile; fileRef = 85AF56711F0D478100D3F564 /* WalletCollectionViewHeaderView.xib */; };
		85AF56741F0D47A400D3F564 /* WalletCollectionViewHeaderView.swift in Sources */ = {isa = PBXBuildFile; fileRef = 85AF56731F0D47A400D3F564 /* WalletCollectionViewHeaderView.swift */; };
		85B9C1C81EDAD315000ABC66 /* WalletSettingsViewController.swift in Sources */ = {isa = PBXBuildFile; fileRef = 85B9C1C71EDAD315000ABC66 /* WalletSettingsViewController.swift */; };
		85C2500A1F10F44D00E91B0A /* WalletCollectionViewItemNew.swift in Sources */ = {isa = PBXBuildFile; fileRef = 85C250081F10F44D00E91B0A /* WalletCollectionViewItemNew.swift */; };
		85C2500B1F10F44D00E91B0A /* WalletCollectionViewItemNew.xib in Resources */ = {isa = PBXBuildFile; fileRef = 85C250091F10F44D00E91B0A /* WalletCollectionViewItemNew.xib */; };
		92FB5EF0559AAD1ACAE435B2 /* Pods_BitWakeTests.framework in Frameworks */ = {isa = PBXBuildFile; fileRef = DE71AE95078668CBCCB4188C /* Pods_BitWakeTests.framework */; };
		951BC9549B14C2CD2F166516 /* Pods_BitWakeUITests.framework in Frameworks */ = {isa = PBXBuildFile; fileRef = B873CABABFB4A26921B75BB1 /* Pods_BitWakeUITests.framework */; };
/* End PBXBuildFile section */

/* Begin PBXContainerItemProxy section */
		859A2E871EC742F40088D8A1 /* PBXContainerItemProxy */ = {
			isa = PBXContainerItemProxy;
			containerPortal = 859A2E6D1EC742F30088D8A1 /* Project object */;
			proxyType = 1;
			remoteGlobalIDString = 859A2E741EC742F40088D8A1;
			remoteInfo = BitWake;
		};
		859A2E921EC742F40088D8A1 /* PBXContainerItemProxy */ = {
			isa = PBXContainerItemProxy;
			containerPortal = 859A2E6D1EC742F30088D8A1 /* Project object */;
			proxyType = 1;
			remoteGlobalIDString = 859A2E741EC742F40088D8A1;
			remoteInfo = BitWake;
		};
/* End PBXContainerItemProxy section */

/* Begin PBXFileReference section */
		0051B7B8BAF4336447C2FBCC /* Pods-BitWakeUITests.debug.xcconfig */ = {isa = PBXFileReference; includeInIndex = 1; lastKnownFileType = text.xcconfig; name = "Pods-BitWakeUITests.debug.xcconfig"; path = "Pods/Target Support Files/Pods-BitWakeUITests/Pods-BitWakeUITests.debug.xcconfig"; sourceTree = "<group>"; };
		0B05AA6438E759C37C5587F3 /* Pods-BitWake.release.xcconfig */ = {isa = PBXFileReference; includeInIndex = 1; lastKnownFileType = text.xcconfig; name = "Pods-BitWake.release.xcconfig"; path = "Pods/Target Support Files/Pods-BitWake/Pods-BitWake.release.xcconfig"; sourceTree = "<group>"; };
		175F5F37C85BDCDE0ED54C03 /* Pods-BitWakeUITests.release.xcconfig */ = {isa = PBXFileReference; includeInIndex = 1; lastKnownFileType = text.xcconfig; name = "Pods-BitWakeUITests.release.xcconfig"; path = "Pods/Target Support Files/Pods-BitWakeUITests/Pods-BitWakeUITests.release.xcconfig"; sourceTree = "<group>"; };
		84DDAB39E87F4EAC885D32D8 /* Pods-BitWakeTests.release.xcconfig */ = {isa = PBXFileReference; includeInIndex = 1; lastKnownFileType = text.xcconfig; name = "Pods-BitWakeTests.release.xcconfig"; path = "Pods/Target Support Files/Pods-BitWakeTests/Pods-BitWakeTests.release.xcconfig"; sourceTree = "<group>"; };
		8514F8701EEAEF16005E5CBA /* WalletsCollection.swift */ = {isa = PBXFileReference; fileEncoding = 4; lastKnownFileType = sourcecode.swift; path = WalletsCollection.swift; sourceTree = "<group>"; };
		8514F8731EEAF082005E5CBA /* Wallet.swift */ = {isa = PBXFileReference; fileEncoding = 4; lastKnownFileType = sourcecode.swift; path = Wallet.swift; sourceTree = "<group>"; };
		8555F8C71F03D7D200F55C22 /* WalletsViewController.swift */ = {isa = PBXFileReference; fileEncoding = 4; lastKnownFileType = sourcecode.swift; path = WalletsViewController.swift; sourceTree = "<group>"; };
		8555F8C81F03D7D200F55C22 /* WalletsViewController.xib */ = {isa = PBXFileReference; fileEncoding = 4; lastKnownFileType = file.xib; path = WalletsViewController.xib; sourceTree = "<group>"; };
		8555F8CD1F08E25F00F55C22 /* Blockchain.swift */ = {isa = PBXFileReference; fileEncoding = 4; lastKnownFileType = sourcecode.swift; path = Blockchain.swift; sourceTree = "<group>"; };
		8555F8CF1F08E33200F55C22 /* BitcoinBlockchain.swift */ = {isa = PBXFileReference; fileEncoding = 4; lastKnownFileType = sourcecode.swift; path = BitcoinBlockchain.swift; sourceTree = "<group>"; };
		8555F8D11F08F8BE00F55C22 /* Transaction.swift */ = {isa = PBXFileReference; fileEncoding = 4; lastKnownFileType = sourcecode.swift; path = Transaction.swift; sourceTree = "<group>"; };
		85690DF71EF433F50094D88A /* BitWake.swift */ = {isa = PBXFileReference; fileEncoding = 4; lastKnownFileType = sourcecode.swift; path = BitWake.swift; sourceTree = "<group>"; };
		85690E001EF59B4F0094D88A /* WalletCollectionViewItem.swift */ = {isa = PBXFileReference; fileEncoding = 4; lastKnownFileType = sourcecode.swift; path = WalletCollectionViewItem.swift; sourceTree = "<group>"; };
		85690E011EF59B4F0094D88A /* WalletCollectionViewItem.xib */ = {isa = PBXFileReference; fileEncoding = 4; lastKnownFileType = file.xib; path = WalletCollectionViewItem.xib; sourceTree = "<group>"; };
		85690E041EF65DA00094D88A /* WalletsListLayout.swift */ = {isa = PBXFileReference; fileEncoding = 4; lastKnownFileType = sourcecode.swift; path = WalletsListLayout.swift; sourceTree = "<group>"; };
		857488E01F13E15100BFFA2C /* ButtonsBarViewController.swift */ = {isa = PBXFileReference; fileEncoding = 4; lastKnownFileType = sourcecode.swift; path = ButtonsBarViewController.swift; sourceTree = "<group>"; };
		857488E11F13E15100BFFA2C /* ButtonsBarViewController.xib */ = {isa = PBXFileReference; fileEncoding = 4; lastKnownFileType = file.xib; path = ButtonsBarViewController.xib; sourceTree = "<group>"; };
		85856DDD1F0A89640084A372 /* TransactionCenter.swift */ = {isa = PBXFileReference; fileEncoding = 4; lastKnownFileType = sourcecode.swift; path = TransactionCenter.swift; sourceTree = "<group>"; };
		859A2E751EC742F40088D8A1 /* BitWake.app */ = {isa = PBXFileReference; explicitFileType = wrapper.application; includeInIndex = 0; path = BitWake.app; sourceTree = BUILT_PRODUCTS_DIR; };
		859A2E781EC742F40088D8A1 /* AppDelegate.swift */ = {isa = PBXFileReference; lastKnownFileType = sourcecode.swift; path = AppDelegate.swift; sourceTree = "<group>"; };
		859A2E7C1EC742F40088D8A1 /* Assets.xcassets */ = {isa = PBXFileReference; lastKnownFileType = folder.assetcatalog; path = Assets.xcassets; sourceTree = "<group>"; };
		859A2E7F1EC742F40088D8A1 /* Base */ = {isa = PBXFileReference; lastKnownFileType = file.storyboard; name = Base; path = Base.lproj/Main.storyboard; sourceTree = "<group>"; };
		859A2E811EC742F40088D8A1 /* Info.plist */ = {isa = PBXFileReference; lastKnownFileType = text.plist.xml; path = Info.plist; sourceTree = "<group>"; };
		859A2E861EC742F40088D8A1 /* BitWakeTests.xctest */ = {isa = PBXFileReference; explicitFileType = wrapper.cfbundle; includeInIndex = 0; path = BitWakeTests.xctest; sourceTree = BUILT_PRODUCTS_DIR; };
		859A2E8A1EC742F40088D8A1 /* BitWakeTests.swift */ = {isa = PBXFileReference; lastKnownFileType = sourcecode.swift; path = BitWakeTests.swift; sourceTree = "<group>"; };
		859A2E8C1EC742F40088D8A1 /* Info.plist */ = {isa = PBXFileReference; lastKnownFileType = text.plist.xml; path = Info.plist; sourceTree = "<group>"; };
		859A2E911EC742F40088D8A1 /* BitWakeUITests.xctest */ = {isa = PBXFileReference; explicitFileType = wrapper.cfbundle; includeInIndex = 0; path = BitWakeUITests.xctest; sourceTree = BUILT_PRODUCTS_DIR; };
		859A2E951EC742F40088D8A1 /* BitWakeUITests.swift */ = {isa = PBXFileReference; lastKnownFileType = sourcecode.swift; path = BitWakeUITests.swift; sourceTree = "<group>"; };
		859A2E971EC742F40088D8A1 /* Info.plist */ = {isa = PBXFileReference; lastKnownFileType = text.plist.xml; path = Info.plist; sourceTree = "<group>"; };
		85AF56711F0D478100D3F564 /* WalletCollectionViewHeaderView.xib */ = {isa = PBXFileReference; fileEncoding = 4; lastKnownFileType = file.xib; path = WalletCollectionViewHeaderView.xib; sourceTree = "<group>"; };
		85AF56731F0D47A400D3F564 /* WalletCollectionViewHeaderView.swift */ = {isa = PBXFileReference; fileEncoding = 4; lastKnownFileType = sourcecode.swift; path = WalletCollectionViewHeaderView.swift; sourceTree = "<group>"; };
		85B9C1C71EDAD315000ABC66 /* WalletSettingsViewController.swift */ = {isa = PBXFileReference; fileEncoding = 4; lastKnownFileType = sourcecode.swift; path = WalletSettingsViewController.swift; sourceTree = "<group>"; };
		85C24FFE1F10DC7E00E91B0A /* NSMenu+setHasPadding.h */ = {isa = PBXFileReference; lastKnownFileType = sourcecode.c.h; path = "NSMenu+setHasPadding.h"; sourceTree = "<group>"; };
		85C24FFF1F10DD3200E91B0A /* bridging-header.h */ = {isa = PBXFileReference; lastKnownFileType = sourcecode.c.h; name = "bridging-header.h"; path = "../bridging-header.h"; sourceTree = "<group>"; };
		85C250081F10F44D00E91B0A /* WalletCollectionViewItemNew.swift */ = {isa = PBXFileReference; fileEncoding = 4; lastKnownFileType = sourcecode.swift; path = WalletCollectionViewItemNew.swift; sourceTree = "<group>"; };
		85C250091F10F44D00E91B0A /* WalletCollectionViewItemNew.xib */ = {isa = PBXFileReference; fileEncoding = 4; lastKnownFileType = file.xib; path = WalletCollectionViewItemNew.xib; sourceTree = "<group>"; };
		A0D41AFF234738DB21CE8242 /* Pods_BitWake.framework */ = {isa = PBXFileReference; explicitFileType = wrapper.framework; includeInIndex = 0; path = Pods_BitWake.framework; sourceTree = BUILT_PRODUCTS_DIR; };
		B873CABABFB4A26921B75BB1 /* Pods_BitWakeUITests.framework */ = {isa = PBXFileReference; explicitFileType = wrapper.framework; includeInIndex = 0; path = Pods_BitWakeUITests.framework; sourceTree = BUILT_PRODUCTS_DIR; };
		D64E5AD188BDF8E254E2CD04 /* Pods-BitWake.debug.xcconfig */ = {isa = PBXFileReference; includeInIndex = 1; lastKnownFileType = text.xcconfig; name = "Pods-BitWake.debug.xcconfig"; path = "Pods/Target Support Files/Pods-BitWake/Pods-BitWake.debug.xcconfig"; sourceTree = "<group>"; };
		DE71AE95078668CBCCB4188C /* Pods_BitWakeTests.framework */ = {isa = PBXFileReference; explicitFileType = wrapper.framework; includeInIndex = 0; path = Pods_BitWakeTests.framework; sourceTree = BUILT_PRODUCTS_DIR; };
		E4E45DFF97AE1239A67E1981 /* Pods-BitWakeTests.debug.xcconfig */ = {isa = PBXFileReference; includeInIndex = 1; lastKnownFileType = text.xcconfig; name = "Pods-BitWakeTests.debug.xcconfig"; path = "Pods/Target Support Files/Pods-BitWakeTests/Pods-BitWakeTests.debug.xcconfig"; sourceTree = "<group>"; };
/* End PBXFileReference section */

/* Begin PBXFrameworksBuildPhase section */
		859A2E721EC742F40088D8A1 /* Frameworks */ = {
			isa = PBXFrameworksBuildPhase;
			buildActionMask = 2147483647;
			files = (
				4FBA6271881F2F1BFE4C5636 /* Pods_BitWake.framework in Frameworks */,
			);
			runOnlyForDeploymentPostprocessing = 0;
		};
		859A2E831EC742F40088D8A1 /* Frameworks */ = {
			isa = PBXFrameworksBuildPhase;
			buildActionMask = 2147483647;
			files = (
				92FB5EF0559AAD1ACAE435B2 /* Pods_BitWakeTests.framework in Frameworks */,
			);
			runOnlyForDeploymentPostprocessing = 0;
		};
		859A2E8E1EC742F40088D8A1 /* Frameworks */ = {
			isa = PBXFrameworksBuildPhase;
			buildActionMask = 2147483647;
			files = (
				951BC9549B14C2CD2F166516 /* Pods_BitWakeUITests.framework in Frameworks */,
			);
			runOnlyForDeploymentPostprocessing = 0;
		};
/* End PBXFrameworksBuildPhase section */

/* Begin PBXGroup section */
		4DA86F14F5C81A119D3FA108 /* Pods */ = {
			isa = PBXGroup;
			children = (
				D64E5AD188BDF8E254E2CD04 /* Pods-BitWake.debug.xcconfig */,
				0B05AA6438E759C37C5587F3 /* Pods-BitWake.release.xcconfig */,
				E4E45DFF97AE1239A67E1981 /* Pods-BitWakeTests.debug.xcconfig */,
				84DDAB39E87F4EAC885D32D8 /* Pods-BitWakeTests.release.xcconfig */,
				0051B7B8BAF4336447C2FBCC /* Pods-BitWakeUITests.debug.xcconfig */,
				175F5F37C85BDCDE0ED54C03 /* Pods-BitWakeUITests.release.xcconfig */,
			);
			name = Pods;
			sourceTree = "<group>";
		};
		8514F8721EEAF076005E5CBA /* Models */ = {
			isa = PBXGroup;
			children = (
				8514F8701EEAEF16005E5CBA /* WalletsCollection.swift */,
				8514F8731EEAF082005E5CBA /* Wallet.swift */,
				8555F8D11F08F8BE00F55C22 /* Transaction.swift */,
			);
			name = Models;
			sourceTree = "<group>";
		};
		8555F8CC1F08E24D00F55C22 /* Blockchain */ = {
			isa = PBXGroup;
			children = (
				8555F8CD1F08E25F00F55C22 /* Blockchain.swift */,
				8555F8CF1F08E33200F55C22 /* BitcoinBlockchain.swift */,
				85856DDD1F0A89640084A372 /* TransactionCenter.swift */,
			);
			name = Blockchain;
			sourceTree = "<group>";
		};
		855A48F91EED701700F3D248 /* Settings */ = {
			isa = PBXGroup;
			children = (
				85B9C1C71EDAD315000ABC66 /* WalletSettingsViewController.swift */,
			);
			name = Settings;
			sourceTree = "<group>";
		};
		85690DFB1EF58DB60094D88A /* Wallet UI */ = {
			isa = PBXGroup;
			children = (
				85690E041EF65DA00094D88A /* WalletsListLayout.swift */,
				85AF56731F0D47A400D3F564 /* WalletCollectionViewHeaderView.swift */,
				85AF56711F0D478100D3F564 /* WalletCollectionViewHeaderView.xib */,
				85690E001EF59B4F0094D88A /* WalletCollectionViewItem.swift */,
				85690E011EF59B4F0094D88A /* WalletCollectionViewItem.xib */,
				85C250081F10F44D00E91B0A /* WalletCollectionViewItemNew.swift */,
				85C250091F10F44D00E91B0A /* WalletCollectionViewItemNew.xib */,
				8555F8C71F03D7D200F55C22 /* WalletsViewController.swift */,
				8555F8C81F03D7D200F55C22 /* WalletsViewController.xib */,
			);
			name = "Wallet UI";
			sourceTree = "<group>";
		};
		857488D61F13C25900BFFA2C /* UI */ = {
			isa = PBXGroup;
			children = (
				85690DFB1EF58DB60094D88A /* Wallet UI */,
				855A48F91EED701700F3D248 /* Settings */,
				857488D71F13C28600BFFA2C /* Bottom buttons bar */,
			);
			name = UI;
			sourceTree = "<group>";
		};
		857488D71F13C28600BFFA2C /* Bottom buttons bar */ = {
			isa = PBXGroup;
			children = (
				857488E01F13E15100BFFA2C /* ButtonsBarViewController.swift */,
				857488E11F13E15100BFFA2C /* ButtonsBarViewController.xib */,
			);
			name = "Bottom buttons bar";
			sourceTree = "<group>";
		};
		859A2E6C1EC742F30088D8A1 = {
			isa = PBXGroup;
			children = (
				859A2E771EC742F40088D8A1 /* BitWake */,
				859A2E891EC742F40088D8A1 /* BitWakeTests */,
				859A2E941EC742F40088D8A1 /* BitWakeUITests */,
				859A2E761EC742F40088D8A1 /* Products */,
				4DA86F14F5C81A119D3FA108 /* Pods */,
				BEFF3FFCEC39C3FAC28086EB /* Frameworks */,
			);
			sourceTree = "<group>";
		};
		859A2E761EC742F40088D8A1 /* Products */ = {
			isa = PBXGroup;
			children = (
				859A2E751EC742F40088D8A1 /* BitWake.app */,
				859A2E861EC742F40088D8A1 /* BitWakeTests.xctest */,
				859A2E911EC742F40088D8A1 /* BitWakeUITests.xctest */,
			);
			name = Products;
			sourceTree = "<group>";
		};
		859A2E771EC742F40088D8A1 /* BitWake */ = {
			isa = PBXGroup;
			children = (
				85C24FFD1F10DC6000E91B0A /* Categories */,
				8555F8CC1F08E24D00F55C22 /* Blockchain */,
				8514F8721EEAF076005E5CBA /* Models */,
				857488D61F13C25900BFFA2C /* UI */,
				859A2E781EC742F40088D8A1 /* AppDelegate.swift */,
				85690DF71EF433F50094D88A /* BitWake.swift */,
				85C24FFF1F10DD3200E91B0A /* bridging-header.h */,
				859A2E7C1EC742F40088D8A1 /* Assets.xcassets */,
				859A2E7E1EC742F40088D8A1 /* Main.storyboard */,
				859A2E811EC742F40088D8A1 /* Info.plist */,
			);
			path = BitWake;
			sourceTree = "<group>";
		};
		859A2E891EC742F40088D8A1 /* BitWakeTests */ = {
			isa = PBXGroup;
			children = (
				859A2E8A1EC742F40088D8A1 /* BitWakeTests.swift */,
				859A2E8C1EC742F40088D8A1 /* Info.plist */,
			);
			path = BitWakeTests;
			sourceTree = "<group>";
		};
		859A2E941EC742F40088D8A1 /* BitWakeUITests */ = {
			isa = PBXGroup;
			children = (
				859A2E951EC742F40088D8A1 /* BitWakeUITests.swift */,
				859A2E971EC742F40088D8A1 /* Info.plist */,
			);
			path = BitWakeUITests;
			sourceTree = "<group>";
		};
		85C24FFD1F10DC6000E91B0A /* Categories */ = {
			isa = PBXGroup;
			children = (
				85C24FFE1F10DC7E00E91B0A /* NSMenu+setHasPadding.h */,
			);
			name = Categories;
			sourceTree = "<group>";
		};
		BEFF3FFCEC39C3FAC28086EB /* Frameworks */ = {
			isa = PBXGroup;
			children = (
				A0D41AFF234738DB21CE8242 /* Pods_BitWake.framework */,
				DE71AE95078668CBCCB4188C /* Pods_BitWakeTests.framework */,
				B873CABABFB4A26921B75BB1 /* Pods_BitWakeUITests.framework */,
			);
			name = Frameworks;
			sourceTree = "<group>";
		};
/* End PBXGroup section */

/* Begin PBXNativeTarget section */
		859A2E741EC742F40088D8A1 /* BitWake */ = {
			isa = PBXNativeTarget;
			buildConfigurationList = 859A2E9A1EC742F40088D8A1 /* Build configuration list for PBXNativeTarget "BitWake" */;
			buildPhases = (
				38B4B8E0F66B5C4A766E6B06 /* [CP] Check Pods Manifest.lock */,
				859A2E711EC742F40088D8A1 /* Sources */,
				859A2E721EC742F40088D8A1 /* Frameworks */,
				859A2E731EC742F40088D8A1 /* Resources */,
				7212685A860AF67B0516AAD2 /* [CP] Embed Pods Frameworks */,
				08E44F65EB98E67ADBB2ADAF /* [CP] Copy Pods Resources */,
			);
			buildRules = (
			);
			dependencies = (
			);
			name = BitWake;
			productName = BitWake;
			productReference = 859A2E751EC742F40088D8A1 /* BitWake.app */;
			productType = "com.apple.product-type.application";
		};
		859A2E851EC742F40088D8A1 /* BitWakeTests */ = {
			isa = PBXNativeTarget;
			buildConfigurationList = 859A2E9D1EC742F40088D8A1 /* Build configuration list for PBXNativeTarget "BitWakeTests" */;
			buildPhases = (
				109948D154DF60B77BE86D61 /* [CP] Check Pods Manifest.lock */,
				859A2E821EC742F40088D8A1 /* Sources */,
				859A2E831EC742F40088D8A1 /* Frameworks */,
				859A2E841EC742F40088D8A1 /* Resources */,
				3A98748532E309BC7C53C8F3 /* [CP] Embed Pods Frameworks */,
				C07F795ED79FB396823BAC1B /* [CP] Copy Pods Resources */,
			);
			buildRules = (
			);
			dependencies = (
				859A2E881EC742F40088D8A1 /* PBXTargetDependency */,
			);
			name = BitWakeTests;
			productName = BitWakeTests;
			productReference = 859A2E861EC742F40088D8A1 /* BitWakeTests.xctest */;
			productType = "com.apple.product-type.bundle.unit-test";
		};
		859A2E901EC742F40088D8A1 /* BitWakeUITests */ = {
			isa = PBXNativeTarget;
			buildConfigurationList = 859A2EA01EC742F40088D8A1 /* Build configuration list for PBXNativeTarget "BitWakeUITests" */;
			buildPhases = (
				9D8CA3FD5B30C57A9E00C5BE /* [CP] Check Pods Manifest.lock */,
				859A2E8D1EC742F40088D8A1 /* Sources */,
				859A2E8E1EC742F40088D8A1 /* Frameworks */,
				859A2E8F1EC742F40088D8A1 /* Resources */,
				5225856B65021B4474ABB8BC /* [CP] Embed Pods Frameworks */,
				B03BD9A5D0B075224886D25B /* [CP] Copy Pods Resources */,
			);
			buildRules = (
			);
			dependencies = (
				859A2E931EC742F40088D8A1 /* PBXTargetDependency */,
			);
			name = BitWakeUITests;
			productName = BitWakeUITests;
			productReference = 859A2E911EC742F40088D8A1 /* BitWakeUITests.xctest */;
			productType = "com.apple.product-type.bundle.ui-testing";
		};
/* End PBXNativeTarget section */

/* Begin PBXProject section */
		859A2E6D1EC742F30088D8A1 /* Project object */ = {
			isa = PBXProject;
			attributes = {
				LastSwiftUpdateCheck = 0830;
				LastUpgradeCheck = 0830;
				ORGANIZATIONNAME = "Niklas Berglund";
				TargetAttributes = {
					859A2E741EC742F40088D8A1 = {
						CreatedOnToolsVersion = 8.3.2;
						ProvisioningStyle = Automatic;
					};
					859A2E851EC742F40088D8A1 = {
						CreatedOnToolsVersion = 8.3.2;
						ProvisioningStyle = Automatic;
						TestTargetID = 859A2E741EC742F40088D8A1;
					};
					859A2E901EC742F40088D8A1 = {
						CreatedOnToolsVersion = 8.3.2;
						ProvisioningStyle = Automatic;
						TestTargetID = 859A2E741EC742F40088D8A1;
					};
				};
			};
			buildConfigurationList = 859A2E701EC742F30088D8A1 /* Build configuration list for PBXProject "BitWake" */;
			compatibilityVersion = "Xcode 3.2";
			developmentRegion = English;
			hasScannedForEncodings = 0;
			knownRegions = (
				en,
				Base,
			);
			mainGroup = 859A2E6C1EC742F30088D8A1;
			productRefGroup = 859A2E761EC742F40088D8A1 /* Products */;
			projectDirPath = "";
			projectRoot = "";
			targets = (
				859A2E741EC742F40088D8A1 /* BitWake */,
				859A2E851EC742F40088D8A1 /* BitWakeTests */,
				859A2E901EC742F40088D8A1 /* BitWakeUITests */,
			);
		};
/* End PBXProject section */

/* Begin PBXResourcesBuildPhase section */
		859A2E731EC742F40088D8A1 /* Resources */ = {
			isa = PBXResourcesBuildPhase;
			buildActionMask = 2147483647;
			files = (
				859A2E7D1EC742F40088D8A1 /* Assets.xcassets in Resources */,
				85C2500B1F10F44D00E91B0A /* WalletCollectionViewItemNew.xib in Resources */,
				857488E31F13E15100BFFA2C /* ButtonsBarViewController.xib in Resources */,
				8555F8CA1F03D7D200F55C22 /* WalletsViewController.xib in Resources */,
				85690E031EF59B4F0094D88A /* WalletCollectionViewItem.xib in Resources */,
				859A2E801EC742F40088D8A1 /* Main.storyboard in Resources */,
				85AF56721F0D478100D3F564 /* WalletCollectionViewHeaderView.xib in Resources */,
			);
			runOnlyForDeploymentPostprocessing = 0;
		};
		859A2E841EC742F40088D8A1 /* Resources */ = {
			isa = PBXResourcesBuildPhase;
			buildActionMask = 2147483647;
			files = (
			);
			runOnlyForDeploymentPostprocessing = 0;
		};
		859A2E8F1EC742F40088D8A1 /* Resources */ = {
			isa = PBXResourcesBuildPhase;
			buildActionMask = 2147483647;
			files = (
			);
			runOnlyForDeploymentPostprocessing = 0;
		};
/* End PBXResourcesBuildPhase section */

/* Begin PBXShellScriptBuildPhase section */
		08E44F65EB98E67ADBB2ADAF /* [CP] Copy Pods Resources */ = {
			isa = PBXShellScriptBuildPhase;
			buildActionMask = 2147483647;
			files = (
			);
			inputPaths = (
			);
			name = "[CP] Copy Pods Resources";
			outputPaths = (
			);
			runOnlyForDeploymentPostprocessing = 0;
			shellPath = /bin/sh;
			shellScript = "\"${SRCROOT}/Pods/Target Support Files/Pods-BitWake/Pods-BitWake-resources.sh\"\n";
			showEnvVarsInLog = 0;
		};
		109948D154DF60B77BE86D61 /* [CP] Check Pods Manifest.lock */ = {
			isa = PBXShellScriptBuildPhase;
			buildActionMask = 2147483647;
			files = (
			);
			inputPaths = (
			);
			name = "[CP] Check Pods Manifest.lock";
			outputPaths = (
			);
			runOnlyForDeploymentPostprocessing = 0;
			shellPath = /bin/sh;
			shellScript = "diff \"${PODS_PODFILE_DIR_PATH}/Podfile.lock\" \"${PODS_ROOT}/Manifest.lock\" > /dev/null\nif [ $? != 0 ] ; then\n    # print error to STDERR\n    echo \"error: The sandbox is not in sync with the Podfile.lock. Run 'pod install' or update your CocoaPods installation.\" >&2\n    exit 1\nfi\n";
			showEnvVarsInLog = 0;
		};
		38B4B8E0F66B5C4A766E6B06 /* [CP] Check Pods Manifest.lock */ = {
			isa = PBXShellScriptBuildPhase;
			buildActionMask = 2147483647;
			files = (
			);
			inputPaths = (
			);
			name = "[CP] Check Pods Manifest.lock";
			outputPaths = (
			);
			runOnlyForDeploymentPostprocessing = 0;
			shellPath = /bin/sh;
			shellScript = "diff \"${PODS_PODFILE_DIR_PATH}/Podfile.lock\" \"${PODS_ROOT}/Manifest.lock\" > /dev/null\nif [ $? != 0 ] ; then\n    # print error to STDERR\n    echo \"error: The sandbox is not in sync with the Podfile.lock. Run 'pod install' or update your CocoaPods installation.\" >&2\n    exit 1\nfi\n";
			showEnvVarsInLog = 0;
		};
		3A98748532E309BC7C53C8F3 /* [CP] Embed Pods Frameworks */ = {
			isa = PBXShellScriptBuildPhase;
			buildActionMask = 2147483647;
			files = (
			);
			inputPaths = (
			);
			name = "[CP] Embed Pods Frameworks";
			outputPaths = (
			);
			runOnlyForDeploymentPostprocessing = 0;
			shellPath = /bin/sh;
			shellScript = "\"${SRCROOT}/Pods/Target Support Files/Pods-BitWakeTests/Pods-BitWakeTests-frameworks.sh\"\n";
			showEnvVarsInLog = 0;
		};
		5225856B65021B4474ABB8BC /* [CP] Embed Pods Frameworks */ = {
			isa = PBXShellScriptBuildPhase;
			buildActionMask = 2147483647;
			files = (
			);
			inputPaths = (
			);
			name = "[CP] Embed Pods Frameworks";
			outputPaths = (
			);
			runOnlyForDeploymentPostprocessing = 0;
			shellPath = /bin/sh;
			shellScript = "\"${SRCROOT}/Pods/Target Support Files/Pods-BitWakeUITests/Pods-BitWakeUITests-frameworks.sh\"\n";
			showEnvVarsInLog = 0;
		};
		7212685A860AF67B0516AAD2 /* [CP] Embed Pods Frameworks */ = {
			isa = PBXShellScriptBuildPhase;
			buildActionMask = 2147483647;
			files = (
			);
			inputPaths = (
			);
			name = "[CP] Embed Pods Frameworks";
			outputPaths = (
			);
			runOnlyForDeploymentPostprocessing = 0;
			shellPath = /bin/sh;
			shellScript = "\"${SRCROOT}/Pods/Target Support Files/Pods-BitWake/Pods-BitWake-frameworks.sh\"\n";
			showEnvVarsInLog = 0;
		};
		9D8CA3FD5B30C57A9E00C5BE /* [CP] Check Pods Manifest.lock */ = {
			isa = PBXShellScriptBuildPhase;
			buildActionMask = 2147483647;
			files = (
			);
			inputPaths = (
			);
			name = "[CP] Check Pods Manifest.lock";
			outputPaths = (
			);
			runOnlyForDeploymentPostprocessing = 0;
			shellPath = /bin/sh;
			shellScript = "diff \"${PODS_PODFILE_DIR_PATH}/Podfile.lock\" \"${PODS_ROOT}/Manifest.lock\" > /dev/null\nif [ $? != 0 ] ; then\n    # print error to STDERR\n    echo \"error: The sandbox is not in sync with the Podfile.lock. Run 'pod install' or update your CocoaPods installation.\" >&2\n    exit 1\nfi\n";
			showEnvVarsInLog = 0;
		};
		B03BD9A5D0B075224886D25B /* [CP] Copy Pods Resources */ = {
			isa = PBXShellScriptBuildPhase;
			buildActionMask = 2147483647;
			files = (
			);
			inputPaths = (
			);
			name = "[CP] Copy Pods Resources";
			outputPaths = (
			);
			runOnlyForDeploymentPostprocessing = 0;
			shellPath = /bin/sh;
			shellScript = "\"${SRCROOT}/Pods/Target Support Files/Pods-BitWakeUITests/Pods-BitWakeUITests-resources.sh\"\n";
			showEnvVarsInLog = 0;
		};
		C07F795ED79FB396823BAC1B /* [CP] Copy Pods Resources */ = {
			isa = PBXShellScriptBuildPhase;
			buildActionMask = 2147483647;
			files = (
			);
			inputPaths = (
			);
			name = "[CP] Copy Pods Resources";
			outputPaths = (
			);
			runOnlyForDeploymentPostprocessing = 0;
			shellPath = /bin/sh;
			shellScript = "\"${SRCROOT}/Pods/Target Support Files/Pods-BitWakeTests/Pods-BitWakeTests-resources.sh\"\n";
			showEnvVarsInLog = 0;
		};
/* End PBXShellScriptBuildPhase section */

/* Begin PBXSourcesBuildPhase section */
		859A2E711EC742F40088D8A1 /* Sources */ = {
			isa = PBXSourcesBuildPhase;
			buildActionMask = 2147483647;
			files = (
				8555F8D21F08F8BE00F55C22 /* Transaction.swift in Sources */,
				85690E051EF65DA00094D88A /* WalletsListLayout.swift in Sources */,
				8514F8741EEAF082005E5CBA /* Wallet.swift in Sources */,
				85C2500A1F10F44D00E91B0A /* WalletCollectionViewItemNew.swift in Sources */,
				8555F8CE1F08E25F00F55C22 /* Blockchain.swift in Sources */,
				85AF56741F0D47A400D3F564 /* WalletCollectionViewHeaderView.swift in Sources */,
				8514F8711EEAEF16005E5CBA /* WalletsCollection.swift in Sources */,
				85856DDE1F0A89640084A372 /* TransactionCenter.swift in Sources */,
				859A2E791EC742F40088D8A1 /* AppDelegate.swift in Sources */,
				85690E021EF59B4F0094D88A /* WalletCollectionViewItem.swift in Sources */,
				8555F8D01F08E33200F55C22 /* BitcoinBlockchain.swift in Sources */,
				857488E21F13E15100BFFA2C /* ButtonsBarViewController.swift in Sources */,
				85690DF81EF433F50094D88A /* BitWake.swift in Sources */,
				8555F8C91F03D7D200F55C22 /* WalletsViewController.swift in Sources */,
				85B9C1C81EDAD315000ABC66 /* WalletSettingsViewController.swift in Sources */,
			);
			runOnlyForDeploymentPostprocessing = 0;
		};
		859A2E821EC742F40088D8A1 /* Sources */ = {
			isa = PBXSourcesBuildPhase;
			buildActionMask = 2147483647;
			files = (
				859A2E8B1EC742F40088D8A1 /* BitWakeTests.swift in Sources */,
			);
			runOnlyForDeploymentPostprocessing = 0;
		};
		859A2E8D1EC742F40088D8A1 /* Sources */ = {
			isa = PBXSourcesBuildPhase;
			buildActionMask = 2147483647;
			files = (
				859A2E961EC742F40088D8A1 /* BitWakeUITests.swift in Sources */,
			);
			runOnlyForDeploymentPostprocessing = 0;
		};
/* End PBXSourcesBuildPhase section */

/* Begin PBXTargetDependency section */
		859A2E881EC742F40088D8A1 /* PBXTargetDependency */ = {
			isa = PBXTargetDependency;
			target = 859A2E741EC742F40088D8A1 /* BitWake */;
			targetProxy = 859A2E871EC742F40088D8A1 /* PBXContainerItemProxy */;
		};
		859A2E931EC742F40088D8A1 /* PBXTargetDependency */ = {
			isa = PBXTargetDependency;
			target = 859A2E741EC742F40088D8A1 /* BitWake */;
			targetProxy = 859A2E921EC742F40088D8A1 /* PBXContainerItemProxy */;
		};
/* End PBXTargetDependency section */

/* Begin PBXVariantGroup section */
		859A2E7E1EC742F40088D8A1 /* Main.storyboard */ = {
			isa = PBXVariantGroup;
			children = (
				859A2E7F1EC742F40088D8A1 /* Base */,
			);
			name = Main.storyboard;
			sourceTree = "<group>";
		};
/* End PBXVariantGroup section */

/* Begin XCBuildConfiguration section */
		859A2E981EC742F40088D8A1 /* Debug */ = {
			isa = XCBuildConfiguration;
			buildSettings = {
				ALWAYS_SEARCH_USER_PATHS = NO;
				CLANG_ANALYZER_NONNULL = YES;
				CLANG_ANALYZER_NUMBER_OBJECT_CONVERSION = YES_AGGRESSIVE;
				CLANG_CXX_LANGUAGE_STANDARD = "gnu++0x";
				CLANG_CXX_LIBRARY = "libc++";
				CLANG_ENABLE_MODULES = YES;
				CLANG_ENABLE_OBJC_ARC = YES;
				CLANG_WARN_BOOL_CONVERSION = YES;
				CLANG_WARN_CONSTANT_CONVERSION = YES;
				CLANG_WARN_DIRECT_OBJC_ISA_USAGE = YES_ERROR;
				CLANG_WARN_DOCUMENTATION_COMMENTS = YES;
				CLANG_WARN_EMPTY_BODY = YES;
				CLANG_WARN_ENUM_CONVERSION = YES;
				CLANG_WARN_INFINITE_RECURSION = YES;
				CLANG_WARN_INT_CONVERSION = YES;
				CLANG_WARN_OBJC_ROOT_CLASS = YES_ERROR;
				CLANG_WARN_SUSPICIOUS_MOVE = YES;
				CLANG_WARN_UNREACHABLE_CODE = YES;
				CLANG_WARN__DUPLICATE_METHOD_MATCH = YES;
				CODE_SIGN_IDENTITY = "-";
				COPY_PHASE_STRIP = NO;
				DEBUG_INFORMATION_FORMAT = dwarf;
				ENABLE_STRICT_OBJC_MSGSEND = YES;
				ENABLE_TESTABILITY = YES;
				GCC_C_LANGUAGE_STANDARD = gnu99;
				GCC_DYNAMIC_NO_PIC = NO;
				GCC_NO_COMMON_BLOCKS = YES;
				GCC_OPTIMIZATION_LEVEL = 0;
				GCC_PREPROCESSOR_DEFINITIONS = (
					"DEBUG=1",
					"$(inherited)",
				);
				GCC_WARN_64_TO_32_BIT_CONVERSION = YES;
				GCC_WARN_ABOUT_RETURN_TYPE = YES_ERROR;
				GCC_WARN_UNDECLARED_SELECTOR = YES;
				GCC_WARN_UNINITIALIZED_AUTOS = YES_AGGRESSIVE;
				GCC_WARN_UNUSED_FUNCTION = YES;
				GCC_WARN_UNUSED_VARIABLE = YES;
				MACOSX_DEPLOYMENT_TARGET = 10.12;
				MTL_ENABLE_DEBUG_INFO = YES;
				ONLY_ACTIVE_ARCH = YES;
				SDKROOT = macosx;
				SWIFT_ACTIVE_COMPILATION_CONDITIONS = DEBUG;
				SWIFT_OPTIMIZATION_LEVEL = "-Onone";
			};
			name = Debug;
		};
		859A2E991EC742F40088D8A1 /* Release */ = {
			isa = XCBuildConfiguration;
			buildSettings = {
				ALWAYS_SEARCH_USER_PATHS = NO;
				CLANG_ANALYZER_NONNULL = YES;
				CLANG_ANALYZER_NUMBER_OBJECT_CONVERSION = YES_AGGRESSIVE;
				CLANG_CXX_LANGUAGE_STANDARD = "gnu++0x";
				CLANG_CXX_LIBRARY = "libc++";
				CLANG_ENABLE_MODULES = YES;
				CLANG_ENABLE_OBJC_ARC = YES;
				CLANG_WARN_BOOL_CONVERSION = YES;
				CLANG_WARN_CONSTANT_CONVERSION = YES;
				CLANG_WARN_DIRECT_OBJC_ISA_USAGE = YES_ERROR;
				CLANG_WARN_DOCUMENTATION_COMMENTS = YES;
				CLANG_WARN_EMPTY_BODY = YES;
				CLANG_WARN_ENUM_CONVERSION = YES;
				CLANG_WARN_INFINITE_RECURSION = YES;
				CLANG_WARN_INT_CONVERSION = YES;
				CLANG_WARN_OBJC_ROOT_CLASS = YES_ERROR;
				CLANG_WARN_SUSPICIOUS_MOVE = YES;
				CLANG_WARN_UNREACHABLE_CODE = YES;
				CLANG_WARN__DUPLICATE_METHOD_MATCH = YES;
				CODE_SIGN_IDENTITY = "-";
				COPY_PHASE_STRIP = NO;
				DEBUG_INFORMATION_FORMAT = "dwarf-with-dsym";
				ENABLE_NS_ASSERTIONS = NO;
				ENABLE_STRICT_OBJC_MSGSEND = YES;
				GCC_C_LANGUAGE_STANDARD = gnu99;
				GCC_NO_COMMON_BLOCKS = YES;
				GCC_WARN_64_TO_32_BIT_CONVERSION = YES;
				GCC_WARN_ABOUT_RETURN_TYPE = YES_ERROR;
				GCC_WARN_UNDECLARED_SELECTOR = YES;
				GCC_WARN_UNINITIALIZED_AUTOS = YES_AGGRESSIVE;
				GCC_WARN_UNUSED_FUNCTION = YES;
				GCC_WARN_UNUSED_VARIABLE = YES;
				MACOSX_DEPLOYMENT_TARGET = 10.12;
				MTL_ENABLE_DEBUG_INFO = NO;
				SDKROOT = macosx;
				SWIFT_OPTIMIZATION_LEVEL = "-Owholemodule";
			};
			name = Release;
		};
		859A2E9B1EC742F40088D8A1 /* Debug */ = {
			isa = XCBuildConfiguration;
			baseConfigurationReference = D64E5AD188BDF8E254E2CD04 /* Pods-BitWake.debug.xcconfig */;
			buildSettings = {
				ASSETCATALOG_COMPILER_APPICON_NAME = AppIcon;
				COMBINE_HIDPI_IMAGES = YES;
				INFOPLIST_FILE = BitWake/Info.plist;
				LD_RUNPATH_SEARCH_PATHS = "$(inherited) @executable_path/../Frameworks";
				PRODUCT_BUNDLE_IDENTIFIER = com.niklasberglund.BitWake;
				PRODUCT_NAME = "$(TARGET_NAME)";
				SWIFT_OBJC_BRIDGING_HEADER = "bridging-header.h";
				SWIFT_VERSION = 3.0;
			};
			name = Debug;
		};
		859A2E9C1EC742F40088D8A1 /* Release */ = {
			isa = XCBuildConfiguration;
			baseConfigurationReference = 0B05AA6438E759C37C5587F3 /* Pods-BitWake.release.xcconfig */;
			buildSettings = {
				ASSETCATALOG_COMPILER_APPICON_NAME = AppIcon;
				COMBINE_HIDPI_IMAGES = YES;
				INFOPLIST_FILE = BitWake/Info.plist;
				LD_RUNPATH_SEARCH_PATHS = "$(inherited) @executable_path/../Frameworks";
				PRODUCT_BUNDLE_IDENTIFIER = com.niklasberglund.BitWake;
				PRODUCT_NAME = "$(TARGET_NAME)";
				SWIFT_OBJC_BRIDGING_HEADER = "bridging-header.h";
				SWIFT_VERSION = 3.0;
			};
			name = Release;
		};
		859A2E9E1EC742F40088D8A1 /* Debug */ = {
			isa = XCBuildConfiguration;
			baseConfigurationReference = E4E45DFF97AE1239A67E1981 /* Pods-BitWakeTests.debug.xcconfig */;
			buildSettings = {
				ALWAYS_EMBED_SWIFT_STANDARD_LIBRARIES = YES;
				BUNDLE_LOADER = "$(TEST_HOST)";
				COMBINE_HIDPI_IMAGES = YES;
				INFOPLIST_FILE = BitWakeTests/Info.plist;
				LD_RUNPATH_SEARCH_PATHS = "$(inherited) @executable_path/../Frameworks @loader_path/../Frameworks";
				PRODUCT_BUNDLE_IDENTIFIER = com.niklasberglund.BitWakeTests;
				PRODUCT_NAME = "$(TARGET_NAME)";
				SWIFT_VERSION = 3.0;
				TEST_HOST = "$(BUILT_PRODUCTS_DIR)/BitWake.app/Contents/MacOS/BitWake";
			};
			name = Debug;
		};
		859A2E9F1EC742F40088D8A1 /* Release */ = {
			isa = XCBuildConfiguration;
			baseConfigurationReference = 84DDAB39E87F4EAC885D32D8 /* Pods-BitWakeTests.release.xcconfig */;
			buildSettings = {
				ALWAYS_EMBED_SWIFT_STANDARD_LIBRARIES = YES;
				BUNDLE_LOADER = "$(TEST_HOST)";
				COMBINE_HIDPI_IMAGES = YES;
				INFOPLIST_FILE = BitWakeTests/Info.plist;
				LD_RUNPATH_SEARCH_PATHS = "$(inherited) @executable_path/../Frameworks @loader_path/../Frameworks";
				PRODUCT_BUNDLE_IDENTIFIER = com.niklasberglund.BitWakeTests;
				PRODUCT_NAME = "$(TARGET_NAME)";
				SWIFT_VERSION = 3.0;
				TEST_HOST = "$(BUILT_PRODUCTS_DIR)/BitWake.app/Contents/MacOS/BitWake";
			};
			name = Release;
		};
		859A2EA11EC742F40088D8A1 /* Debug */ = {
			isa = XCBuildConfiguration;
			baseConfigurationReference = 0051B7B8BAF4336447C2FBCC /* Pods-BitWakeUITests.debug.xcconfig */;
			buildSettings = {
				ALWAYS_EMBED_SWIFT_STANDARD_LIBRARIES = YES;
				COMBINE_HIDPI_IMAGES = YES;
				INFOPLIST_FILE = BitWakeUITests/Info.plist;
				LD_RUNPATH_SEARCH_PATHS = "$(inherited) @executable_path/../Frameworks @loader_path/../Frameworks";
				PRODUCT_BUNDLE_IDENTIFIER = com.niklasberglund.BitWakeUITests;
				PRODUCT_NAME = "$(TARGET_NAME)";
				SWIFT_VERSION = 3.0;
				TEST_TARGET_NAME = BitWake;
			};
			name = Debug;
		};
		859A2EA21EC742F40088D8A1 /* Release */ = {
			isa = XCBuildConfiguration;
			baseConfigurationReference = 175F5F37C85BDCDE0ED54C03 /* Pods-BitWakeUITests.release.xcconfig */;
			buildSettings = {
				ALWAYS_EMBED_SWIFT_STANDARD_LIBRARIES = YES;
				COMBINE_HIDPI_IMAGES = YES;
				INFOPLIST_FILE = BitWakeUITests/Info.plist;
				LD_RUNPATH_SEARCH_PATHS = "$(inherited) @executable_path/../Frameworks @loader_path/../Frameworks";
				PRODUCT_BUNDLE_IDENTIFIER = com.niklasberglund.BitWakeUITests;
				PRODUCT_NAME = "$(TARGET_NAME)";
				SWIFT_VERSION = 3.0;
				TEST_TARGET_NAME = BitWake;
			};
			name = Release;
		};
/* End XCBuildConfiguration section */

/* Begin XCConfigurationList section */
		859A2E701EC742F30088D8A1 /* Build configuration list for PBXProject "BitWake" */ = {
			isa = XCConfigurationList;
			buildConfigurations = (
				859A2E981EC742F40088D8A1 /* Debug */,
				859A2E991EC742F40088D8A1 /* Release */,
			);
			defaultConfigurationIsVisible = 0;
			defaultConfigurationName = Release;
		};
		859A2E9A1EC742F40088D8A1 /* Build configuration list for PBXNativeTarget "BitWake" */ = {
			isa = XCConfigurationList;
			buildConfigurations = (
				859A2E9B1EC742F40088D8A1 /* Debug */,
				859A2E9C1EC742F40088D8A1 /* Release */,
			);
			defaultConfigurationIsVisible = 0;
			defaultConfigurationName = Release;
		};
		859A2E9D1EC742F40088D8A1 /* Build configuration list for PBXNativeTarget "BitWakeTests" */ = {
			isa = XCConfigurationList;
			buildConfigurations = (
				859A2E9E1EC742F40088D8A1 /* Debug */,
				859A2E9F1EC742F40088D8A1 /* Release */,
			);
			defaultConfigurationIsVisible = 0;
			defaultConfigurationName = Release;
		};
		859A2EA01EC742F40088D8A1 /* Build configuration list for PBXNativeTarget "BitWakeUITests" */ = {
			isa = XCConfigurationList;
			buildConfigurations = (
				859A2EA11EC742F40088D8A1 /* Debug */,
				859A2EA21EC742F40088D8A1 /* Release */,
			);
			defaultConfigurationIsVisible = 0;
			defaultConfigurationName = Release;
		};
/* End XCConfigurationList section */
	};
	rootObject = 859A2E6D1EC742F30088D8A1 /* Project object */;
}
